# This file was autogenerated by Stack.
# You should not edit this file by hand.
# For more information, please see the documentation at:
#   https://docs.haskellstack.org/en/stable/lock_files

packages:
- completed:
    hackage: megaparsec-9.0.1@sha256:b0d7cd8843af2687b1a5a4add523836c782c400a375e4d7b6989a827b5605ac6,3117
    pantry-tree:
      size: 1447
      sha256: 9ea2dcce3affdb192ad460d4e5311a5cd2ece070d331f1edae9302b9302988be
  original:
    hackage: megaparsec-9.0.1
snapshots:
- completed:
    size: 524996
    url: https://raw.githubusercontent.com/commercialhaskell/stackage-snapshots/master/lts/14/27.yaml
    sha256: 7ea31a280c56bf36ff591a7397cc384d0dff622e7f9e4225b47d8980f019a0f0
  original: lts-14.27
